
Microsoft Visual Studio Solution File, Format Version 12.00
# Visual Studio 14
VisualStudioVersion = 14.0.25420.1
MinimumVisualStudioVersion = 10.0.40219.1
Project("{FAE04EC0-301F-11D3-BF4B-00C04F79EFBC}") = "App1", "App1\App1\App1.csproj", "{B061F17B-C42D-4792-B2D1-3A02425AFAD3}"
EndProject
Project("{FAE04EC0-301F-11D3-BF4B-00C04F79EFBC}") = "App1.Droid", "App1\App1.Droid\App1.Droid.csproj", "{A5FE56FA-AADB-48D5-8332-72433D899106}"
EndProject
Project("{FAE04EC0-301F-11D3-BF4B-00C04F79EFBC}") = "App1.iOS", "App1\App1.iOS\App1.iOS.csproj", "{20DFE34B-D85F-40CB-A46F-1543A4635D93}"
EndProject
Project("{FAE04EC0-301F-11D3-BF4B-00C04F79EFBC}") = "App1.WinPhone", "App1\App1.WinPhone\App1.WinPhone.csproj", "{78705B7B-E609-462A-87B1-4A0BBB6663BD}"
EndProject
Project("{FAE04EC0-301F-11D3-BF4B-00C04F79EFBC}") = "App1.UWP", "App1\App1.UWP\App1.UWP.csproj", "{E2916051-FE9F-4E86-BFCD-523CADF4EF29}"
EndProject
Project("{FAE04EC0-301F-11D3-BF4B-00C04F79EFBC}") = "App1.Windows", "App1\App1.Windows\App1.Windows.csproj", "{5663D168-70CD-490E-8FAC-61412A4BA5EF}"
EndProject
Global
	GlobalSection(SolutionConfigurationPlatforms) = preSolution
		Ad-Hoc|Any CPU = Ad-Hoc|Any CPU
		Ad-Hoc|ARM = Ad-Hoc|ARM
		Ad-Hoc|iPhone = Ad-Hoc|iPhone
		Ad-Hoc|iPhoneSimulator = Ad-Hoc|iPhoneSimulator
		Ad-Hoc|x64 = Ad-Hoc|x64
		Ad-Hoc|x86 = Ad-Hoc|x86
		AppStore|Any CPU = AppStore|Any CPU
		AppStore|ARM = AppStore|ARM
		AppStore|iPhone = AppStore|iPhone
		AppStore|iPhoneSimulator = AppStore|iPhoneSimulator
		AppStore|x64 = AppStore|x64
		AppStore|x86 = AppStore|x86
		Debug|Any CPU = Debug|Any CPU
		Debug|ARM = Debug|ARM
		Debug|iPhone = Debug|iPhone
		Debug|iPhoneSimulator = Debug|iPhoneSimulator
		Debug|x64 = Debug|x64
		Debug|x86 = Debug|x86
		Release|Any CPU = Release|Any CPU
		Release|ARM = Release|ARM
		Release|iPhone = Release|iPhone
		Release|iPhoneSimulator = Release|iPhoneSimulator
		Release|x64 = Release|x64
		Release|x86 = Release|x86
	EndGlobalSection
	GlobalSection(ProjectConfigurationPlatforms) = postSolution
		{B061F17B-C42D-4792-B2D1-3A02425AFAD3}.Ad-Hoc|Any CPU.ActiveCfg = Release|Any CPU
		{B061F17B-C42D-4792-B2D1-3A02425AFAD3}.Ad-Hoc|Any CPU.Build.0 = Release|Any CPU
		{B061F17B-C42D-4792-B2D1-3A02425AFAD3}.Ad-Hoc|ARM.ActiveCfg = Release|Any CPU
		{B061F17B-C42D-4792-B2D1-3A02425AFAD3}.Ad-Hoc|ARM.Build.0 = Release|Any CPU
		{B061F17B-C42D-4792-B2D1-3A02425AFAD3}.Ad-Hoc|iPhone.ActiveCfg = Release|Any CPU
		{B061F17B-C42D-4792-B2D1-3A02425AFAD3}.Ad-Hoc|iPhone.Build.0 = Release|Any CPU
		{B061F17B-C42D-4792-B2D1-3A02425AFAD3}.Ad-Hoc|iPhoneSimulator.ActiveCfg = Release|Any CPU
		{B061F17B-C42D-4792-B2D1-3A02425AFAD3}.Ad-Hoc|iPhoneSimulator.Build.0 = Release|Any CPU
		{B061F17B-C42D-4792-B2D1-3A02425AFAD3}.Ad-Hoc|x64.ActiveCfg = Release|Any CPU
		{B061F17B-C42D-4792-B2D1-3A02425AFAD3}.Ad-Hoc|x64.Build.0 = Release|Any CPU
		{B061F17B-C42D-4792-B2D1-3A02425AFAD3}.Ad-Hoc|x86.ActiveCfg = Release|Any CPU
		{B061F17B-C42D-4792-B2D1-3A02425AFAD3}.Ad-Hoc|x86.Build.0 = Release|Any CPU
		{B061F17B-C42D-4792-B2D1-3A02425AFAD3}.AppStore|Any CPU.ActiveCfg = Release|Any CPU
		{B061F17B-C42D-4792-B2D1-3A02425AFAD3}.AppStore|Any CPU.Build.0 = Release|Any CPU
		{B061F17B-C42D-4792-B2D1-3A02425AFAD3}.AppStore|ARM.ActiveCfg = Release|Any CPU
		{B061F17B-C42D-4792-B2D1-3A02425AFAD3}.AppStore|ARM.Build.0 = Release|Any CPU
		{B061F17B-C42D-4792-B2D1-3A02425AFAD3}.AppStore|iPhone.ActiveCfg = Release|Any CPU
		{B061F17B-C42D-4792-B2D1-3A02425AFAD3}.AppStore|iPhone.Build.0 = Release|Any CPU
		{B061F17B-C42D-4792-B2D1-3A02425AFAD3}.AppStore|iPhoneSimulator.ActiveCfg = Release|Any CPU
		{B061F17B-C42D-4792-B2D1-3A02425AFAD3}.AppStore|iPhoneSimulator.Build.0 = Release|Any CPU
		{B061F17B-C42D-4792-B2D1-3A02425AFAD3}.AppStore|x64.ActiveCfg = Release|Any CPU
		{B061F17B-C42D-4792-B2D1-3A02425AFAD3}.AppStore|x64.Build.0 = Release|Any CPU
		{B061F17B-C42D-4792-B2D1-3A02425AFAD3}.AppStore|x86.ActiveCfg = Release|Any CPU
		{B061F17B-C42D-4792-B2D1-3A02425AFAD3}.AppStore|x86.Build.0 = Release|Any CPU
		{B061F17B-C42D-4792-B2D1-3A02425AFAD3}.Debug|Any CPU.ActiveCfg = Debug|Any CPU
		{B061F17B-C42D-4792-B2D1-3A02425AFAD3}.Debug|Any CPU.Build.0 = Debug|Any CPU
		{B061F17B-C42D-4792-B2D1-3A02425AFAD3}.Debug|ARM.ActiveCfg = Debug|Any CPU
		{B061F17B-C42D-4792-B2D1-3A02425AFAD3}.Debug|ARM.Build.0 = Debug|Any CPU
		{B061F17B-C42D-4792-B2D1-3A02425AFAD3}.Debug|iPhone.ActiveCfg = Debug|Any CPU
		{B061F17B-C42D-4792-B2D1-3A02425AFAD3}.Debug|iPhone.Build.0 = Debug|Any CPU
		{B061F17B-C42D-4792-B2D1-3A02425AFAD3}.Debug|iPhoneSimulator.ActiveCfg = Debug|Any CPU
		{B061F17B-C42D-4792-B2D1-3A02425AFAD3}.Debug|iPhoneSimulator.Build.0 = Debug|Any CPU
		{B061F17B-C42D-4792-B2D1-3A02425AFAD3}.Debug|x64.ActiveCfg = Debug|Any CPU
		{B061F17B-C42D-4792-B2D1-3A02425AFAD3}.Debug|x64.Build.0 = Debug|Any CPU
		{B061F17B-C42D-4792-B2D1-3A02425AFAD3}.Debug|x86.ActiveCfg = Debug|Any CPU
		{B061F17B-C42D-4792-B2D1-3A02425AFAD3}.Debug|x86.Build.0 = Debug|Any CPU
		{B061F17B-C42D-4792-B2D1-3A02425AFAD3}.Release|Any CPU.ActiveCfg = Release|Any CPU
		{B061F17B-C42D-4792-B2D1-3A02425AFAD3}.Release|Any CPU.Build.0 = Release|Any CPU
		{B061F17B-C42D-4792-B2D1-3A02425AFAD3}.Release|ARM.ActiveCfg = Release|Any CPU
		{B061F17B-C42D-4792-B2D1-3A02425AFAD3}.Release|ARM.Build.0 = Release|Any CPU
		{B061F17B-C42D-4792-B2D1-3A02425AFAD3}.Release|iPhone.ActiveCfg = Release|Any CPU
		{B061F17B-C42D-4792-B2D1-3A02425AFAD3}.Release|iPhone.Build.0 = Release|Any CPU
		{B061F17B-C42D-4792-B2D1-3A02425AFAD3}.Release|iPhoneSimulator.ActiveCfg = Release|Any CPU
		{B061F17B-C42D-4792-B2D1-3A02425AFAD3}.Release|iPhoneSimulator.Build.0 = Release|Any CPU
		{B061F17B-C42D-4792-B2D1-3A02425AFAD3}.Release|x64.ActiveCfg = Release|Any CPU
		{B061F17B-C42D-4792-B2D1-3A02425AFAD3}.Release|x64.Build.0 = Release|Any CPU
		{B061F17B-C42D-4792-B2D1-3A02425AFAD3}.Release|x86.ActiveCfg = Release|Any CPU
		{B061F17B-C42D-4792-B2D1-3A02425AFAD3}.Release|x86.Build.0 = Release|Any CPU
		{A5FE56FA-AADB-48D5-8332-72433D899106}.Ad-Hoc|Any CPU.ActiveCfg = Release|Any CPU
		{A5FE56FA-AADB-48D5-8332-72433D899106}.Ad-Hoc|Any CPU.Build.0 = Release|Any CPU
		{A5FE56FA-AADB-48D5-8332-72433D899106}.Ad-Hoc|Any CPU.Deploy.0 = Release|Any CPU
		{A5FE56FA-AADB-48D5-8332-72433D899106}.Ad-Hoc|ARM.ActiveCfg = Release|Any CPU
		{A5FE56FA-AADB-48D5-8332-72433D899106}.Ad-Hoc|ARM.Build.0 = Release|Any CPU
		{A5FE56FA-AADB-48D5-8332-72433D899106}.Ad-Hoc|ARM.Deploy.0 = Release|Any CPU
		{A5FE56FA-AADB-48D5-8332-72433D899106}.Ad-Hoc|iPhone.ActiveCfg = Release|Any CPU
		{A5FE56FA-AADB-48D5-8332-72433D899106}.Ad-Hoc|iPhone.Build.0 = Release|Any CPU
		{A5FE56FA-AADB-48D5-8332-72433D899106}.Ad-Hoc|iPhone.Deploy.0 = Release|Any CPU
		{A5FE56FA-AADB-48D5-8332-72433D899106}.Ad-Hoc|iPhoneSimulator.ActiveCfg = Release|Any CPU
		{A5FE56FA-AADB-48D5-8332-72433D899106}.Ad-Hoc|iPhoneSimulator.Build.0 = Release|Any CPU
		{A5FE56FA-AADB-48D5-8332-72433D899106}.Ad-Hoc|iPhoneSimulator.Deploy.0 = Release|Any CPU
		{A5FE56FA-AADB-48D5-8332-72433D899106}.Ad-Hoc|x64.ActiveCfg = Release|Any CPU
		{A5FE56FA-AADB-48D5-8332-72433D899106}.Ad-Hoc|x64.Build.0 = Release|Any CPU
		{A5FE56FA-AADB-48D5-8332-72433D899106}.Ad-Hoc|x64.Deploy.0 = Release|Any CPU
		{A5FE56FA-AADB-48D5-8332-72433D899106}.Ad-Hoc|x86.ActiveCfg = Release|Any CPU
		{A5FE56FA-AADB-48D5-8332-72433D899106}.Ad-Hoc|x86.Build.0 = Release|Any CPU
		{A5FE56FA-AADB-48D5-8332-72433D899106}.Ad-Hoc|x86.Deploy.0 = Release|Any CPU
		{A5FE56FA-AADB-48D5-8332-72433D899106}.AppStore|Any CPU.ActiveCfg = Release|Any CPU
		{A5FE56FA-AADB-48D5-8332-72433D899106}.AppStore|Any CPU.Build.0 = Release|Any CPU
		{A5FE56FA-AADB-48D5-8332-72433D899106}.AppStore|Any CPU.Deploy.0 = Release|Any CPU
		{A5FE56FA-AADB-48D5-8332-72433D899106}.AppStore|ARM.ActiveCfg = Release|Any CPU
		{A5FE56FA-AADB-48D5-8332-72433D899106}.AppStore|ARM.Build.0 = Release|Any CPU
		{A5FE56FA-AADB-48D5-8332-72433D899106}.AppStore|ARM.Deploy.0 = Release|Any CPU
		{A5FE56FA-AADB-48D5-8332-72433D899106}.AppStore|iPhone.ActiveCfg = Release|Any CPU
		{A5FE56FA-AADB-48D5-8332-72433D899106}.AppStore|iPhone.Build.0 = Release|Any CPU
		{A5FE56FA-AADB-48D5-8332-72433D899106}.AppStore|iPhone.Deploy.0 = Release|Any CPU
		{A5FE56FA-AADB-48D5-8332-72433D899106}.AppStore|iPhoneSimulator.ActiveCfg = Release|Any CPU
		{A5FE56FA-AADB-48D5-8332-72433D899106}.AppStore|iPhoneSimulator.Build.0 = Release|Any CPU
		{A5FE56FA-AADB-48D5-8332-72433D899106}.AppStore|iPhoneSimulator.Deploy.0 = Release|Any CPU
		{A5FE56FA-AADB-48D5-8332-72433D899106}.AppStore|x64.ActiveCfg = Release|Any CPU
		{A5FE56FA-AADB-48D5-8332-72433D899106}.AppStore|x64.Build.0 = Release|Any CPU
		{A5FE56FA-AADB-48D5-8332-72433D899106}.AppStore|x64.Deploy.0 = Release|Any CPU
		{A5FE56FA-AADB-48D5-8332-72433D899106}.AppStore|x86.ActiveCfg = Release|Any CPU
		{A5FE56FA-AADB-48D5-8332-72433D899106}.AppStore|x86.Build.0 = Release|Any CPU
		{A5FE56FA-AADB-48D5-8332-72433D899106}.AppStore|x86.Deploy.0 = Release|Any CPU
		{A5FE56FA-AADB-48D5-8332-72433D899106}.Debug|Any CPU.ActiveCfg = Debug|Any CPU
		{A5FE56FA-AADB-48D5-8332-72433D899106}.Debug|Any CPU.Build.0 = Debug|Any CPU
		{A5FE56FA-AADB-48D5-8332-72433D899106}.Debug|Any CPU.Deploy.0 = Debug|Any CPU
		{A5FE56FA-AADB-48D5-8332-72433D899106}.Debug|ARM.ActiveCfg = Debug|Any CPU
		{A5FE56FA-AADB-48D5-8332-72433D899106}.Debug|ARM.Build.0 = Debug|Any CPU
		{A5FE56FA-AADB-48D5-8332-72433D899106}.Debug|ARM.Deploy.0 = Debug|Any CPU
		{A5FE56FA-AADB-48D5-8332-72433D899106}.Debug|iPhone.ActiveCfg = Debug|Any CPU
		{A5FE56FA-AADB-48D5-8332-72433D899106}.Debug|iPhone.Build.0 = Debug|Any CPU
		{A5FE56FA-AADB-48D5-8332-72433D899106}.Debug|iPhone.Deploy.0 = Debug|Any CPU
		{A5FE56FA-AADB-48D5-8332-72433D899106}.Debug|iPhoneSimulator.ActiveCfg = Debug|Any CPU
		{A5FE56FA-AADB-48D5-8332-72433D899106}.Debug|iPhoneSimulator.Build.0 = Debug|Any CPU
		{A5FE56FA-AADB-48D5-8332-72433D899106}.Debug|iPhoneSimulator.Deploy.0 = Debug|Any CPU
		{A5FE56FA-AADB-48D5-8332-72433D899106}.Debug|x64.ActiveCfg = Debug|Any CPU
		{A5FE56FA-AADB-48D5-8332-72433D899106}.Debug|x64.Build.0 = Debug|Any CPU
		{A5FE56FA-AADB-48D5-8332-72433D899106}.Debug|x64.Deploy.0 = Debug|Any CPU
		{A5FE56FA-AADB-48D5-8332-72433D899106}.Debug|x86.ActiveCfg = Debug|Any CPU
		{A5FE56FA-AADB-48D5-8332-72433D899106}.Debug|x86.Build.0 = Debug|Any CPU
		{A5FE56FA-AADB-48D5-8332-72433D899106}.Debug|x86.Deploy.0 = Debug|Any CPU
		{A5FE56FA-AADB-48D5-8332-72433D899106}.Release|Any CPU.ActiveCfg = Release|Any CPU
		{A5FE56FA-AADB-48D5-8332-72433D899106}.Release|Any CPU.Build.0 = Release|Any CPU
		{A5FE56FA-AADB-48D5-8332-72433D899106}.Release|Any CPU.Deploy.0 = Release|Any CPU
		{A5FE56FA-AADB-48D5-8332-72433D899106}.Release|ARM.ActiveCfg = Release|Any CPU
		{A5FE56FA-AADB-48D5-8332-72433D899106}.Release|ARM.Build.0 = Release|Any CPU
		{A5FE56FA-AADB-48D5-8332-72433D899106}.Release|ARM.Deploy.0 = Release|Any CPU
		{A5FE56FA-AADB-48D5-8332-72433D899106}.Release|iPhone.ActiveCfg = Release|Any CPU
		{A5FE56FA-AADB-48D5-8332-72433D899106}.Release|iPhone.Build.0 = Release|Any CPU
		{A5FE56FA-AADB-48D5-8332-72433D899106}.Release|iPhone.Deploy.0 = Release|Any CPU
		{A5FE56FA-AADB-48D5-8332-72433D899106}.Release|iPhoneSimulator.ActiveCfg = Release|Any CPU
		{A5FE56FA-AADB-48D5-8332-72433D899106}.Release|iPhoneSimulator.Build.0 = Release|Any CPU
		{A5FE56FA-AADB-48D5-8332-72433D899106}.Release|iPhoneSimulator.Deploy.0 = Release|Any CPU
		{A5FE56FA-AADB-48D5-8332-72433D899106}.Release|x64.ActiveCfg = Release|Any CPU
		{A5FE56FA-AADB-48D5-8332-72433D899106}.Release|x64.Build.0 = Release|Any CPU
		{A5FE56FA-AADB-48D5-8332-72433D899106}.Release|x64.Deploy.0 = Release|Any CPU
		{A5FE56FA-AADB-48D5-8332-72433D899106}.Release|x86.ActiveCfg = Release|Any CPU
		{A5FE56FA-AADB-48D5-8332-72433D899106}.Release|x86.Build.0 = Release|Any CPU
		{A5FE56FA-AADB-48D5-8332-72433D899106}.Release|x86.Deploy.0 = Release|Any CPU
		{20DFE34B-D85F-40CB-A46F-1543A4635D93}.Ad-Hoc|Any CPU.ActiveCfg = Ad-Hoc|iPhone
		{20DFE34B-D85F-40CB-A46F-1543A4635D93}.Ad-Hoc|ARM.ActiveCfg = Ad-Hoc|iPhone
		{20DFE34B-D85F-40CB-A46F-1543A4635D93}.Ad-Hoc|iPhone.ActiveCfg = Ad-Hoc|iPhone
		{20DFE34B-D85F-40CB-A46F-1543A4635D93}.Ad-Hoc|iPhone.Build.0 = Ad-Hoc|iPhone
		{20DFE34B-D85F-40CB-A46F-1543A4635D93}.Ad-Hoc|iPhoneSimulator.ActiveCfg = Ad-Hoc|iPhoneSimulator
		{20DFE34B-D85F-40CB-A46F-1543A4635D93}.Ad-Hoc|iPhoneSimulator.Build.0 = Ad-Hoc|iPhoneSimulator
		{20DFE34B-D85F-40CB-A46F-1543A4635D93}.Ad-Hoc|x64.ActiveCfg = Ad-Hoc|iPhone
		{20DFE34B-D85F-40CB-A46F-1543A4635D93}.Ad-Hoc|x86.ActiveCfg = Ad-Hoc|iPhone
		{20DFE34B-D85F-40CB-A46F-1543A4635D93}.AppStore|Any CPU.ActiveCfg = AppStore|iPhone
		{20DFE34B-D85F-40CB-A46F-1543A4635D93}.AppStore|ARM.ActiveCfg = AppStore|iPhone
		{20DFE34B-D85F-40CB-A46F-1543A4635D93}.AppStore|iPhone.ActiveCfg = AppStore|iPhone
		{20DFE34B-D85F-40CB-A46F-1543A4635D93}.AppStore|iPhone.Build.0 = AppStore|iPhone
		{20DFE34B-D85F-40CB-A46F-1543A4635D93}.AppStore|iPhoneSimulator.ActiveCfg = AppStore|iPhoneSimulator
		{20DFE34B-D85F-40CB-A46F-1543A4635D93}.AppStore|iPhoneSimulator.Build.0 = AppStore|iPhoneSimulator
		{20DFE34B-D85F-40CB-A46F-1543A4635D93}.AppStore|x64.ActiveCfg = AppStore|iPhone
		{20DFE34B-D85F-40CB-A46F-1543A4635D93}.AppStore|x86.ActiveCfg = AppStore|iPhone
		{20DFE34B-D85F-40CB-A46F-1543A4635D93}.Debug|Any CPU.ActiveCfg = Debug|iPhone
		{20DFE34B-D85F-40CB-A46F-1543A4635D93}.Debug|ARM.ActiveCfg = Debug|iPhone
		{20DFE34B-D85F-40CB-A46F-1543A4635D93}.Debug|iPhone.ActiveCfg = Debug|iPhone
		{20DFE34B-D85F-40CB-A46F-1543A4635D93}.Debug|iPhone.Build.0 = Debug|iPhone
		{20DFE34B-D85F-40CB-A46F-1543A4635D93}.Debug|iPhoneSimulator.ActiveCfg = Debug|iPhoneSimulator
		{20DFE34B-D85F-40CB-A46F-1543A4635D93}.Debug|iPhoneSimulator.Build.0 = Debug|iPhoneSimulator
		{20DFE34B-D85F-40CB-A46F-1543A4635D93}.Debug|x64.ActiveCfg = Debug|iPhone
		{20DFE34B-D85F-40CB-A46F-1543A4635D93}.Debug|x86.ActiveCfg = Debug|iPhone
		{20DFE34B-D85F-40CB-A46F-1543A4635D93}.Release|Any CPU.ActiveCfg = Release|iPhone
		{20DFE34B-D85F-40CB-A46F-1543A4635D93}.Release|ARM.ActiveCfg = Release|iPhone
		{20DFE34B-D85F-40CB-A46F-1543A4635D93}.Release|iPhone.ActiveCfg = Release|iPhone
		{20DFE34B-D85F-40CB-A46F-1543A4635D93}.Release|iPhone.Build.0 = Release|iPhone
		{20DFE34B-D85F-40CB-A46F-1543A4635D93}.Release|iPhoneSimulator.ActiveCfg = Release|iPhoneSimulator
		{20DFE34B-D85F-40CB-A46F-1543A4635D93}.Release|iPhoneSimulator.Build.0 = Release|iPhoneSimulator
		{20DFE34B-D85F-40CB-A46F-1543A4635D93}.Release|x64.ActiveCfg = Release|iPhone
		{20DFE34B-D85F-40CB-A46F-1543A4635D93}.Release|x86.ActiveCfg = Release|iPhone
		{78705B7B-E609-462A-87B1-4A0BBB6663BD}.Ad-Hoc|Any CPU.ActiveCfg = Release|Any CPU
		{78705B7B-E609-462A-87B1-4A0BBB6663BD}.Ad-Hoc|Any CPU.Build.0 = Release|Any CPU
		{78705B7B-E609-462A-87B1-4A0BBB6663BD}.Ad-Hoc|Any CPU.Deploy.0 = Release|Any CPU
		{78705B7B-E609-462A-87B1-4A0BBB6663BD}.Ad-Hoc|ARM.ActiveCfg = Release|ARM
		{78705B7B-E609-462A-87B1-4A0BBB6663BD}.Ad-Hoc|ARM.Build.0 = Release|ARM
		{78705B7B-E609-462A-87B1-4A0BBB6663BD}.Ad-Hoc|ARM.Deploy.0 = Release|ARM
		{78705B7B-E609-462A-87B1-4A0BBB6663BD}.Ad-Hoc|iPhone.ActiveCfg = Release|Any CPU
		{78705B7B-E609-462A-87B1-4A0BBB6663BD}.Ad-Hoc|iPhone.Build.0 = Release|Any CPU
		{78705B7B-E609-462A-87B1-4A0BBB6663BD}.Ad-Hoc|iPhone.Deploy.0 = Release|Any CPU
		{78705B7B-E609-462A-87B1-4A0BBB6663BD}.Ad-Hoc|iPhoneSimulator.ActiveCfg = Release|Any CPU
		{78705B7B-E609-462A-87B1-4A0BBB6663BD}.Ad-Hoc|iPhoneSimulator.Build.0 = Release|Any CPU
		{78705B7B-E609-462A-87B1-4A0BBB6663BD}.Ad-Hoc|iPhoneSimulator.Deploy.0 = Release|Any CPU
		{78705B7B-E609-462A-87B1-4A0BBB6663BD}.Ad-Hoc|x64.ActiveCfg = Release|Any CPU
		{78705B7B-E609-462A-87B1-4A0BBB6663BD}.Ad-Hoc|x64.Build.0 = Release|Any CPU
		{78705B7B-E609-462A-87B1-4A0BBB6663BD}.Ad-Hoc|x64.Deploy.0 = Release|Any CPU
		{78705B7B-E609-462A-87B1-4A0BBB6663BD}.Ad-Hoc|x86.ActiveCfg = Release|x86
		{78705B7B-E609-462A-87B1-4A0BBB6663BD}.Ad-Hoc|x86.Build.0 = Release|x86
		{78705B7B-E609-462A-87B1-4A0BBB6663BD}.Ad-Hoc|x86.Deploy.0 = Release|x86
		{78705B7B-E609-462A-87B1-4A0BBB6663BD}.AppStore|Any CPU.ActiveCfg = Release|Any CPU
		{78705B7B-E609-462A-87B1-4A0BBB6663BD}.AppStore|Any CPU.Build.0 = Release|Any CPU
		{78705B7B-E609-462A-87B1-4A0BBB6663BD}.AppStore|Any CPU.Deploy.0 = Release|Any CPU
		{78705B7B-E609-462A-87B1-4A0BBB6663BD}.AppStore|ARM.ActiveCfg = Release|ARM
		{78705B7B-E609-462A-87B1-4A0BBB6663BD}.AppStore|ARM.Build.0 = Release|ARM
		{78705B7B-E609-462A-87B1-4A0BBB6663BD}.AppStore|ARM.Deploy.0 = Release|ARM
		{78705B7B-E609-462A-87B1-4A0BBB6663BD}.AppStore|iPhone.ActiveCfg = Release|Any CPU
		{78705B7B-E609-462A-87B1-4A0BBB6663BD}.AppStore|iPhone.Build.0 = Release|Any CPU
		{78705B7B-E609-462A-87B1-4A0BBB6663BD}.AppStore|iPhone.Deploy.0 = Release|Any CPU
		{78705B7B-E609-462A-87B1-4A0BBB6663BD}.AppStore|iPhoneSimulator.ActiveCfg = Release|Any CPU
		{78705B7B-E609-462A-87B1-4A0BBB6663BD}.AppStore|iPhoneSimulator.Build.0 = Release|Any CPU
		{78705B7B-E609-462A-87B1-4A0BBB6663BD}.AppStore|iPhoneSimulator.Deploy.0 = Release|Any CPU
		{78705B7B-E609-462A-87B1-4A0BBB6663BD}.AppStore|x64.ActiveCfg = Release|Any CPU
		{78705B7B-E609-462A-87B1-4A0BBB6663BD}.AppStore|x64.Build.0 = Release|Any CPU
		{78705B7B-E609-462A-87B1-4A0BBB6663BD}.AppStore|x64.Deploy.0 = Release|Any CPU
		{78705B7B-E609-462A-87B1-4A0BBB6663BD}.AppStore|x86.ActiveCfg = Release|x86
		{78705B7B-E609-462A-87B1-4A0BBB6663BD}.AppStore|x86.Build.0 = Release|x86
		{78705B7B-E609-462A-87B1-4A0BBB6663BD}.AppStore|x86.Deploy.0 = Release|x86
		{78705B7B-E609-462A-87B1-4A0BBB6663BD}.Debug|Any CPU.ActiveCfg = Debug|Any CPU
		{78705B7B-E609-462A-87B1-4A0BBB6663BD}.Debug|Any CPU.Build.0 = Debug|Any CPU
		{78705B7B-E609-462A-87B1-4A0BBB6663BD}.Debug|Any CPU.Deploy.0 = Debug|Any CPU
		{78705B7B-E609-462A-87B1-4A0BBB6663BD}.Debug|ARM.ActiveCfg = Debug|ARM
		{78705B7B-E609-462A-87B1-4A0BBB6663BD}.Debug|ARM.Build.0 = Debug|ARM
		{78705B7B-E609-462A-87B1-4A0BBB6663BD}.Debug|ARM.Deploy.0 = Debug|ARM
		{78705B7B-E609-462A-87B1-4A0BBB6663BD}.Debug|iPhone.ActiveCfg = Debug|Any CPU
		{78705B7B-E609-462A-87B1-4A0BBB6663BD}.Debug|iPhone.Build.0 = Debug|Any CPU
		{78705B7B-E609-462A-87B1-4A0BBB6663BD}.Debug|iPhone.Deploy.0 = Debug|Any CPU
		{78705B7B-E609-462A-87B1-4A0BBB6663BD}.Debug|iPhoneSimulator.ActiveCfg = Debug|Any CPU
		{78705B7B-E609-462A-87B1-4A0BBB6663BD}.Debug|iPhoneSimulator.Build.0 = Debug|Any CPU
		{78705B7B-E609-462A-87B1-4A0BBB6663BD}.Debug|iPhoneSimulator.Deploy.0 = Debug|Any CPU
		{78705B7B-E609-462A-87B1-4A0BBB6663BD}.Debug|x64.ActiveCfg = Debug|Any CPU
		{78705B7B-E609-462A-87B1-4A0BBB6663BD}.Debug|x64.Build.0 = Debug|Any CPU
		{78705B7B-E609-462A-87B1-4A0BBB6663BD}.Debug|x64.Deploy.0 = Debug|Any CPU
		{78705B7B-E609-462A-87B1-4A0BBB6663BD}.Debug|x86.ActiveCfg = Debug|x86
		{78705B7B-E609-462A-87B1-4A0BBB6663BD}.Debug|x86.Build.0 = Debug|x86
		{78705B7B-E609-462A-87B1-4A0BBB6663BD}.Debug|x86.Deploy.0 = Debug|x86
		{78705B7B-E609-462A-87B1-4A0BBB6663BD}.Release|Any CPU.ActiveCfg = Release|Any CPU
		{78705B7B-E609-462A-87B1-4A0BBB6663BD}.Release|Any CPU.Build.0 = Release|Any CPU
		{78705B7B-E609-462A-87B1-4A0BBB6663BD}.Release|Any CPU.Deploy.0 = Release|Any CPU
		{78705B7B-E609-462A-87B1-4A0BBB6663BD}.Release|ARM.ActiveCfg = Release|ARM
		{78705B7B-E609-462A-87B1-4A0BBB6663BD}.Release|ARM.Build.0 = Release|ARM
		{78705B7B-E609-462A-87B1-4A0BBB6663BD}.Release|ARM.Deploy.0 = Release|ARM
		{78705B7B-E609-462A-87B1-4A0BBB6663BD}.Release|iPhone.ActiveCfg = Release|Any CPU
		{78705B7B-E609-462A-87B1-4A0BBB6663BD}.Release|iPhone.Build.0 = Release|Any CPU
		{78705B7B-E609-462A-87B1-4A0BBB6663BD}.Release|iPhone.Deploy.0 = Release|Any CPU
		{78705B7B-E609-462A-87B1-4A0BBB6663BD}.Release|iPhoneSimulator.ActiveCfg = Release|Any CPU
		{78705B7B-E609-462A-87B1-4A0BBB6663BD}.Release|iPhoneSimulator.Build.0 = Release|Any CPU
		{78705B7B-E609-462A-87B1-4A0BBB6663BD}.Release|iPhoneSimulator.Deploy.0 = Release|Any CPU
		{78705B7B-E609-462A-87B1-4A0BBB6663BD}.Release|x64.ActiveCfg = Release|Any CPU
		{78705B7B-E609-462A-87B1-4A0BBB6663BD}.Release|x64.Build.0 = Release|Any CPU
		{78705B7B-E609-462A-87B1-4A0BBB6663BD}.Release|x64.Deploy.0 = Release|Any CPU
		{78705B7B-E609-462A-87B1-4A0BBB6663BD}.Release|x86.ActiveCfg = Release|x86
		{78705B7B-E609-462A-87B1-4A0BBB6663BD}.Release|x86.Build.0 = Release|x86
		{78705B7B-E609-462A-87B1-4A0BBB6663BD}.Release|x86.Deploy.0 = Release|x86
		{E2916051-FE9F-4E86-BFCD-523CADF4EF29}.Ad-Hoc|Any CPU.ActiveCfg = Release|x86
		{E2916051-FE9F-4E86-BFCD-523CADF4EF29}.Ad-Hoc|Any CPU.Build.0 = Release|x86
		{E2916051-FE9F-4E86-BFCD-523CADF4EF29}.Ad-Hoc|Any CPU.Deploy.0 = Release|x86
		{E2916051-FE9F-4E86-BFCD-523CADF4EF29}.Ad-Hoc|ARM.ActiveCfg = Release|ARM
		{E2916051-FE9F-4E86-BFCD-523CADF4EF29}.Ad-Hoc|ARM.Build.0 = Release|ARM
		{E2916051-FE9F-4E86-BFCD-523CADF4EF29}.Ad-Hoc|ARM.Deploy.0 = Release|ARM
		{E2916051-FE9F-4E86-BFCD-523CADF4EF29}.Ad-Hoc|iPhone.ActiveCfg = Release|x86
		{E2916051-FE9F-4E86-BFCD-523CADF4EF29}.Ad-Hoc|iPhone.Build.0 = Release|x86
		{E2916051-FE9F-4E86-BFCD-523CADF4EF29}.Ad-Hoc|iPhone.Deploy.0 = Release|x86
		{E2916051-FE9F-4E86-BFCD-523CADF4EF29}.Ad-Hoc|iPhoneSimulator.ActiveCfg = Release|x86
		{E2916051-FE9F-4E86-BFCD-523CADF4EF29}.Ad-Hoc|iPhoneSimulator.Build.0 = Release|x86
		{E2916051-FE9F-4E86-BFCD-523CADF4EF29}.Ad-Hoc|iPhoneSimulator.Deploy.0 = Release|x86
		{E2916051-FE9F-4E86-BFCD-523CADF4EF29}.Ad-Hoc|x64.ActiveCfg = Release|x64
		{E2916051-FE9F-4E86-BFCD-523CADF4EF29}.Ad-Hoc|x64.Build.0 = Release|x64
		{E2916051-FE9F-4E86-BFCD-523CADF4EF29}.Ad-Hoc|x64.Deploy.0 = Release|x64
		{E2916051-FE9F-4E86-BFCD-523CADF4EF29}.Ad-Hoc|x86.ActiveCfg = Release|x86
		{E2916051-FE9F-4E86-BFCD-523CADF4EF29}.Ad-Hoc|x86.Build.0 = Release|x86
		{E2916051-FE9F-4E86-BFCD-523CADF4EF29}.Ad-Hoc|x86.Deploy.0 = Release|x86
		{E2916051-FE9F-4E86-BFCD-523CADF4EF29}.AppStore|Any CPU.ActiveCfg = Release|x86
		{E2916051-FE9F-4E86-BFCD-523CADF4EF29}.AppStore|Any CPU.Build.0 = Release|x86
		{E2916051-FE9F-4E86-BFCD-523CADF4EF29}.AppStore|Any CPU.Deploy.0 = Release|x86
		{E2916051-FE9F-4E86-BFCD-523CADF4EF29}.AppStore|ARM.ActiveCfg = Release|ARM
		{E2916051-FE9F-4E86-BFCD-523CADF4EF29}.AppStore|ARM.Build.0 = Release|ARM
		{E2916051-FE9F-4E86-BFCD-523CADF4EF29}.AppStore|ARM.Deploy.0 = Release|ARM
		{E2916051-FE9F-4E86-BFCD-523CADF4EF29}.AppStore|iPhone.ActiveCfg = Release|x86
		{E2916051-FE9F-4E86-BFCD-523CADF4EF29}.AppStore|iPhone.Build.0 = Release|x86
		{E2916051-FE9F-4E86-BFCD-523CADF4EF29}.AppStore|iPhone.Deploy.0 = Release|x86
		{E2916051-FE9F-4E86-BFCD-523CADF4EF29}.AppStore|iPhoneSimulator.ActiveCfg = Release|x86
		{E2916051-FE9F-4E86-BFCD-523CADF4EF29}.AppStore|iPhoneSimulator.Build.0 = Release|x86
		{E2916051-FE9F-4E86-BFCD-523CADF4EF29}.AppStore|iPhoneSimulator.Deploy.0 = Release|x86
		{E2916051-FE9F-4E86-BFCD-523CADF4EF29}.AppStore|x64.ActiveCfg = Release|x64
		{E2916051-FE9F-4E86-BFCD-523CADF4EF29}.AppStore|x64.Build.0 = Release|x64
		{E2916051-FE9F-4E86-BFCD-523CADF4EF29}.AppStore|x64.Deploy.0 = Release|x64
		{E2916051-FE9F-4E86-BFCD-523CADF4EF29}.AppStore|x86.ActiveCfg = Release|x86
		{E2916051-FE9F-4E86-BFCD-523CADF4EF29}.AppStore|x86.Build.0 = Release|x86
		{E2916051-FE9F-4E86-BFCD-523CADF4EF29}.AppStore|x86.Deploy.0 = Release|x86
		{E2916051-FE9F-4E86-BFCD-523CADF4EF29}.Debug|Any CPU.ActiveCfg = Debug|x86
		{E2916051-FE9F-4E86-BFCD-523CADF4EF29}.Debug|ARM.ActiveCfg = Debug|ARM
		{E2916051-FE9F-4E86-BFCD-523CADF4EF29}.Debug|ARM.Build.0 = Debug|ARM
		{E2916051-FE9F-4E86-BFCD-523CADF4EF29}.Debug|ARM.Deploy.0 = Debug|ARM
		{E2916051-FE9F-4E86-BFCD-523CADF4EF29}.Debug|iPhone.ActiveCfg = Debug|x86
		{E2916051-FE9F-4E86-BFCD-523CADF4EF29}.Debug|iPhoneSimulator.ActiveCfg = Debug|x86
		{E2916051-FE9F-4E86-BFCD-523CADF4EF29}.Debug|x64.ActiveCfg = Debug|x64
		{E2916051-FE9F-4E86-BFCD-523CADF4EF29}.Debug|x64.Build.0 = Debug|x64
		{E2916051-FE9F-4E86-BFCD-523CADF4EF29}.Debug|x64.Deploy.0 = Debug|x64
		{E2916051-FE9F-4E86-BFCD-523CADF4EF29}.Debug|x86.ActiveCfg = Debug|x86
		{E2916051-FE9F-4E86-BFCD-523CADF4EF29}.Debug|x86.Build.0 = Debug|x86
		{E2916051-FE9F-4E86-BFCD-523CADF4EF29}.Debug|x86.Deploy.0 = Debug|x86
		{E2916051-FE9F-4E86-BFCD-523CADF4EF29}.Release|Any CPU.ActiveCfg = Release|x86
		{E2916051-FE9F-4E86-BFCD-523CADF4EF29}.Release|ARM.ActiveCfg = Release|ARM
		{E2916051-FE9F-4E86-BFCD-523CADF4EF29}.Release|ARM.Build.0 = Release|ARM
		{E2916051-FE9F-4E86-BFCD-523CADF4EF29}.Release|ARM.Deploy.0 = Release|ARM
		{E2916051-FE9F-4E86-BFCD-523CADF4EF29}.Release|iPhone.ActiveCfg = Release|x86
		{E2916051-FE9F-4E86-BFCD-523CADF4EF29}.Release|iPhoneSimulator.ActiveCfg = Release|x86
		{E2916051-FE9F-4E86-BFCD-523CADF4EF29}.Release|x64.ActiveCfg = Release|x64
		{E2916051-FE9F-4E86-BFCD-523CADF4EF29}.Release|x64.Build.0 = Release|x64
		{E2916051-FE9F-4E86-BFCD-523CADF4EF29}.Release|x64.Deploy.0 = Release|x64
		{E2916051-FE9F-4E86-BFCD-523CADF4EF29}.Release|x86.ActiveCfg = Release|x86
		{E2916051-FE9F-4E86-BFCD-523CADF4EF29}.Release|x86.Build.0 = Release|x86
		{E2916051-FE9F-4E86-BFCD-523CADF4EF29}.Release|x86.Deploy.0 = Release|x86
		{5663D168-70CD-490E-8FAC-61412A4BA5EF}.Ad-Hoc|Any CPU.ActiveCfg = Release|Any CPU
		{5663D168-70CD-490E-8FAC-61412A4BA5EF}.Ad-Hoc|Any CPU.Build.0 = Release|Any CPU
		{5663D168-70CD-490E-8FAC-61412A4BA5EF}.Ad-Hoc|Any CPU.Deploy.0 = Release|Any CPU
		{5663D168-70CD-490E-8FAC-61412A4BA5EF}.Ad-Hoc|ARM.ActiveCfg = Release|ARM
		{5663D168-70CD-490E-8FAC-61412A4BA5EF}.Ad-Hoc|ARM.Build.0 = Release|ARM
		{5663D168-70CD-490E-8FAC-61412A4BA5EF}.Ad-Hoc|ARM.Deploy.0 = Release|ARM
		{5663D168-70CD-490E-8FAC-61412A4BA5EF}.Ad-Hoc|iPhone.ActiveCfg = Release|Any CPU
		{5663D168-70CD-490E-8FAC-61412A4BA5EF}.Ad-Hoc|iPhone.Build.0 = Release|Any CPU
		{5663D168-70CD-490E-8FAC-61412A4BA5EF}.Ad-Hoc|iPhone.Deploy.0 = Release|Any CPU
		{5663D168-70CD-490E-8FAC-61412A4BA5EF}.Ad-Hoc|iPhoneSimulator.ActiveCfg = Release|Any CPU
		{5663D168-70CD-490E-8FAC-61412A4BA5EF}.Ad-Hoc|iPhoneSimulator.Build.0 = Release|Any CPU
		{5663D168-70CD-490E-8FAC-61412A4BA5EF}.Ad-Hoc|iPhoneSimulator.Deploy.0 = Release|Any CPU
		{5663D168-70CD-490E-8FAC-61412A4BA5EF}.Ad-Hoc|x64.ActiveCfg = Release|x64
		{5663D168-70CD-490E-8FAC-61412A4BA5EF}.Ad-Hoc|x64.Build.0 = Release|x64
		{5663D168-70CD-490E-8FAC-61412A4BA5EF}.Ad-Hoc|x64.Deploy.0 = Release|x64
		{5663D168-70CD-490E-8FAC-61412A4BA5EF}.Ad-Hoc|x86.ActiveCfg = Release|x86
		{5663D168-70CD-490E-8FAC-61412A4BA5EF}.Ad-Hoc|x86.Build.0 = Release|x86
		{5663D168-70CD-490E-8FAC-61412A4BA5EF}.Ad-Hoc|x86.Deploy.0 = Release|x86
		{5663D168-70CD-490E-8FAC-61412A4BA5EF}.AppStore|Any CPU.ActiveCfg = Release|Any CPU
		{5663D168-70CD-490E-8FAC-61412A4BA5EF}.AppStore|Any CPU.Build.0 = Release|Any CPU
		{5663D168-70CD-490E-8FAC-61412A4BA5EF}.AppStore|Any CPU.Deploy.0 = Release|Any CPU
		{5663D168-70CD-490E-8FAC-61412A4BA5EF}.AppStore|ARM.ActiveCfg = Release|ARM
		{5663D168-70CD-490E-8FAC-61412A4BA5EF}.AppStore|ARM.Build.0 = Release|ARM
		{5663D168-70CD-490E-8FAC-61412A4BA5EF}.AppStore|ARM.Deploy.0 = Release|ARM
		{5663D168-70CD-490E-8FAC-61412A4BA5EF}.AppStore|iPhone.ActiveCfg = Release|Any CPU
		{5663D168-70CD-490E-8FAC-61412A4BA5EF}.AppStore|iPhone.Build.0 = Release|Any CPU
		{5663D168-70CD-490E-8FAC-61412A4BA5EF}.AppStore|iPhone.Deploy.0 = Release|Any CPU
		{5663D168-70CD-490E-8FAC-61412A4BA5EF}.AppStore|iPhoneSimulator.ActiveCfg = Release|Any CPU
		{5663D168-70CD-490E-8FAC-61412A4BA5EF}.AppStore|iPhoneSimulator.Build.0 = Release|Any CPU
		{5663D168-70CD-490E-8FAC-61412A4BA5EF}.AppStore|iPhoneSimulator.Deploy.0 = Release|Any CPU
		{5663D168-70CD-490E-8FAC-61412A4BA5EF}.AppStore|x64.ActiveCfg = Release|x64
		{5663D168-70CD-490E-8FAC-61412A4BA5EF}.AppStore|x64.Build.0 = Release|x64
		{5663D168-70CD-490E-8FAC-61412A4BA5EF}.AppStore|x64.Deploy.0 = Release|x64
		{5663D168-70CD-490E-8FAC-61412A4BA5EF}.AppStore|x86.ActiveCfg = Release|x86
		{5663D168-70CD-490E-8FAC-61412A4BA5EF}.AppStore|x86.Build.0 = Release|x86
		{5663D168-70CD-490E-8FAC-61412A4BA5EF}.AppStore|x86.Deploy.0 = Release|x86
		{5663D168-70CD-490E-8FAC-61412A4BA5EF}.Debug|Any CPU.ActiveCfg = Debug|Any CPU
		{5663D168-70CD-490E-8FAC-61412A4BA5EF}.Debug|Any CPU.Build.0 = Debug|Any CPU
		{5663D168-70CD-490E-8FAC-61412A4BA5EF}.Debug|Any CPU.Deploy.0 = Debug|Any CPU
		{5663D168-70CD-490E-8FAC-61412A4BA5EF}.Debug|ARM.ActiveCfg = Debug|ARM
		{5663D168-70CD-490E-8FAC-61412A4BA5EF}.Debug|ARM.Build.0 = Debug|ARM
		{5663D168-70CD-490E-8FAC-61412A4BA5EF}.Debug|ARM.Deploy.0 = Debug|ARM
		{5663D168-70CD-490E-8FAC-61412A4BA5EF}.Debug|iPhone.ActiveCfg = Debug|Any CPU
		{5663D168-70CD-490E-8FAC-61412A4BA5EF}.Debug|iPhone.Build.0 = Debug|Any CPU
		{5663D168-70CD-490E-8FAC-61412A4BA5EF}.Debug|iPhone.Deploy.0 = Debug|Any CPU
		{5663D168-70CD-490E-8FAC-61412A4BA5EF}.Debug|iPhoneSimulator.ActiveCfg = Debug|Any CPU
		{5663D168-70CD-490E-8FAC-61412A4BA5EF}.Debug|iPhoneSimulator.Build.0 = Debug|Any CPU
		{5663D168-70CD-490E-8FAC-61412A4BA5EF}.Debug|iPhoneSimulator.Deploy.0 = Debug|Any CPU
		{5663D168-70CD-490E-8FAC-61412A4BA5EF}.Debug|x64.ActiveCfg = Debug|x64
		{5663D168-70CD-490E-8FAC-61412A4BA5EF}.Debug|x64.Build.0 = Debug|x64
		{5663D168-70CD-490E-8FAC-61412A4BA5EF}.Debug|x64.Deploy.0 = Debug|x64
		{5663D168-70CD-490E-8FAC-61412A4BA5EF}.Debug|x86.ActiveCfg = Debug|x86
		{5663D168-70CD-490E-8FAC-61412A4BA5EF}.Debug|x86.Build.0 = Debug|x86
		{5663D168-70CD-490E-8FAC-61412A4BA5EF}.Debug|x86.Deploy.0 = Debug|x86
		{5663D168-70CD-490E-8FAC-61412A4BA5EF}.Release|Any CPU.ActiveCfg = Release|Any CPU
		{5663D168-70CD-490E-8FAC-61412A4BA5EF}.Release|Any CPU.Build.0 = Release|Any CPU
		{5663D168-70CD-490E-8FAC-61412A4BA5EF}.Release|Any CPU.Deploy.0 = Release|Any CPU
		{5663D168-70CD-490E-8FAC-61412A4BA5EF}.Release|ARM.ActiveCfg = Release|ARM
		{5663D168-70CD-490E-8FAC-61412A4BA5EF}.Release|ARM.Build.0 = Release|ARM
		{5663D168-70CD-490E-8FAC-61412A4BA5EF}.Release|ARM.Deploy.0 = Release|ARM
		{5663D168-70CD-490E-8FAC-61412A4BA5EF}.Release|iPhone.ActiveCfg = Release|Any CPU
		{5663D168-70CD-490E-8FAC-61412A4BA5EF}.Release|iPhone.Build.0 = Release|Any CPU
		{5663D168-70CD-490E-8FAC-61412A4BA5EF}.Release|iPhone.Deploy.0 = Release|Any CPU
		{5663D168-70CD-490E-8FAC-61412A4BA5EF}.Release|iPhoneSimulator.ActiveCfg = Release|Any CPU
		{5663D168-70CD-490E-8FAC-61412A4BA5EF}.Release|iPhoneSimulator.Build.0 = Release|Any CPU
		{5663D168-70CD-490E-8FAC-61412A4BA5EF}.Release|iPhoneSimulator.Deploy.0 = Release|Any CPU
		{5663D168-70CD-490E-8FAC-61412A4BA5EF}.Release|x64.ActiveCfg = Release|x64
		{5663D168-70CD-490E-8FAC-61412A4BA5EF}.Release|x64.Build.0 = Release|x64
		{5663D168-70CD-490E-8FAC-61412A4BA5EF}.Release|x64.Deploy.0 = Release|x64
		{5663D168-70CD-490E-8FAC-61412A4BA5EF}.Release|x86.ActiveCfg = Release|x86
		{5663D168-70CD-490E-8FAC-61412A4BA5EF}.Release|x86.Build.0 = Release|x86
		{5663D168-70CD-490E-8FAC-61412A4BA5EF}.Release|x86.Deploy.0 = Release|x86
	EndGlobalSection
	GlobalSection(SolutionProperties) = preSolution
		HideSolutionNode = FALSE
	EndGlobalSection
EndGlobal
